lockfileVersion: '9.0'

settings:
  autoInstallPeers: true
  excludeLinksFromLockfile: false

importers:

  .:
    dependencies:
      dompurify:
        specifier: ^3.3.3
        version: 3.3.3
      gsap:
        specifier: ^3.14.2
        version: 3.14.2
      marked:
        specifier: ^17.0.4
        version: 17.0.5

packages:

  '@types/trusted-types@2.0.7':
    resolution: {integrity: sha512-ScaPdn1dQczgbl0QFTeTOmVHFULt394XJgOQNoyVhZ6r2vLnMLJfBPd53SB52T/3G36VI1/g2MZaX0cwDuXsfw==}

  dompurify@3.3.3:
    resolution: {integrity: sha512-Oj6pzI2+RqBfFG+qOaOLbFXLQ90ARpcGG6UePL82bJLtdsa6CYJD7nmiU8MW9nQNOtCHV3lZ/Bzq1X0QYbBZCA==}

  gsap@3.14.2:
    resolution: {integrity: sha512-P8/mMxVLU7o4+55+1TCnQrPmgjPKnwkzkXOK1asnR9Jg2lna4tEY5qBJjMmAaOBDDZWtlRjBXjLa0w53G/uBLA==}

  marked@17.0.5:
    resolution: {integrity: sha512-6hLvc0/JEbRjRgzI6wnT2P1XuM1/RrrDEX0kPt0N7jGm1133g6X7DlxFasUIx+72aKAr904GTxhSLDrd5DIlZg==}
    engines: {node: '>= 20'}
    hasBin: true

snapshots:

  '@types/trusted-types@2.0.7':
    optional: true

  dompurify@3.3.3:
    optionalDependencies:
      '@types/trusted-types': 2.0.7

  gsap@3.14.2: {}

  marked@17.0.5: {}
